
Microsoft Visual Studio Solution File, Format Version 12.00
# Visual Studio 15
VisualStudioVersion = 15.0.27428.2037
MinimumVisualStudioVersion = 10.0.40219.1
Project("{FAE04EC0-301F-11D3-BF4B-00C04F79EFBC}") = "GoogleDistanceWebAppMVC", "GoogleDistanceWebAppMVC\GoogleDistanceWebAppMVC.csproj", "{DD47CA90-140D-4FF7-91D1-769245DBABDA}"
EndProject
Global
	GlobalSection(SolutionConfigurationPlatforms) = preSolution
		Debug|Any CPU = Debug|Any CPU
		Release|Any CPU = Release|Any CPU
	EndGlobalSection
	GlobalSection(ProjectConfigurationPlatforms) = postSolution
		{DD47CA90-140D-4FF7-91D1-769245DBABDA}.Debug|Any CPU.ActiveCfg = Debug|Any CPU
		{DD47CA90-140D-4FF7-91D1-769245DBABDA}.Debug|Any CPU.Build.0 = Debug|Any CPU
		{DD47CA90-140D-4FF7-91D1-769245DBABDA}.Release|Any CPU.ActiveCfg = Release|Any CPU
		{DD47CA90-140D-4FF7-91D1-769245DBABDA}.Release|Any CPU.Build.0 = Release|Any CPU
	EndGlobalSection
	GlobalSection(SolutionProperties) = preSolution
		HideSolutionNode = FALSE
	EndGlobalSection
	GlobalSection(ExtensibilityGlobals) = postSolution
		SolutionGuid = {751C5CB1-5C1D-41E1-8AB3-50F2F402CFB2}
	EndGlobalSection
EndGlobal
